id: 'amalthea_source'
label: 'Amalthea Source'
category: '[Amalthea]'
flags: throttle

parameters:
- id: sample_rate
  label: 'Sample Rate (sps)'
  dtype: real
  default: samp_rate

- id: freq
  label: 'Frequency (Hz)'
  dtype: real
  default: 2450e6

templates:
  imports: from amalthea.gnuradio import amaltheasource
  make: amaltheasource.AmaltheaSource(${sample_rate}, ${freq})
  callbacks:
  - set_freq(${freq})


outputs:
- domain: stream
  dtype: short
  multiplicity: 1

file_format: 1

